
Microsoft Visual Studio Solution File, Format Version 12.00
Project("{FAE04EC0-301F-11D3-BF4B-00C04F79EFBC}") = "MyMinimalApi", "MyMinimalApi\MyMinimalApi.csproj", "{1EF719BC-224F-41C6-9B30-B3411AFC68FE}"
EndProject
Global
	GlobalSection(SolutionConfigurationPlatforms) = preSolution
		Debug|Any CPU = Debug|Any CPU
		Release|Any CPU = Release|Any CPU
	EndGlobalSection
	GlobalSection(ProjectConfigurationPlatforms) = postSolution
		{1EF719BC-224F-41C6-9B30-B3411AFC68FE}.Debug|Any CPU.ActiveCfg = Debug|Any CPU
		{1EF719BC-224F-41C6-9B30-B3411AFC68FE}.Debug|Any CPU.Build.0 = Debug|Any CPU
		{1EF719BC-224F-41C6-9B30-B3411AFC68FE}.Release|Any CPU.ActiveCfg = Release|Any CPU
		{1EF719BC-224F-41C6-9B30-B3411AFC68FE}.Release|Any CPU.Build.0 = Release|Any CPU
	EndGlobalSection
EndGlobal
